<?xml version="1.0" encoding="utf-8"?>
<Project ToolsVersion="4.0" xmlns="http://schemas.microsoft.com/developer/msbuild/2003">
  <ItemGroup>
    <Filter Include="Header Files">
      <UniqueIdentifier>{93995380-89BD-4b04-88EB-625FBE52EBFB}</UniqueIdentifier>
      <Extensions>h;hh;hpp;hxx;h++;hm;inl;inc;ipp;xsd</Extensions>
    </Filter>
    <Filter Include="Header Files\ConsoleHeader">
      <UniqueIdentifier>{7f3517bf-17c9-4cda-9693-b244f092f042}</UniqueIdentifier>
    </Filter>
    <Filter Include="Main">
      <UniqueIdentifier>{67DA6AB6-F800-4c08-8B7A-83BB121AAD01}</UniqueIdentifier>
      <Extensions>rc;ico;cur;bmp;dlg;rc2;rct;bin;rgs;gif;jpg;jpeg;jpe;resx;tiff;tif;png;wav;mfcribbon-ms</Extensions>
    </Filter>
    <Filter Include="Lumines">
      <UniqueIdentifier>{4FC737F1-C7A5-4376-A066-2A32D752A2FF}</UniqueIdentifier>
      <Extensions>cpp;c;cc;cxx;c++;cppm;ixx;def;odl;idl;hpj;bat;asm;asmx</Extensions>
    </Filter>
  </ItemGroup>
  <ItemGroup>
    <ClCompile Include="ConsoleLib.cpp">
      <Filter>Header Files\ConsoleHeader</Filter>
    </ClCompile>
    <ClCompile Include="Lumines.cpp">
      <Filter>Lumines</Filter>
    </ClCompile>
    <ClCompile Include="LuminesMain.cpp">
      <Filter>Main</Filter>
    </ClCompile>
    <ClCompile Include="GameApp.cpp">
      <Filter>Main</Filter>
    </ClCompile>
  </ItemGroup>
  <ItemGroup>
    <ClInclude Include="ConsoleLib.h">
      <Filter>Header Files\ConsoleHeader</Filter>
    </ClInclude>
    <ClInclude Include="new_conio.h">
      <Filter>Header Files\ConsoleHeader</Filter>
    </ClInclude>
    <ClInclude Include="Lumines.h">
      <Filter>Lumines</Filter>
    </ClInclude>
    <ClInclude Include="GameApp.h">
      <Filter>Main</Filter>
    </ClInclude>
  </ItemGroup>
</Project>